// !$*UTF8*$!
{
	archiveVersion = 1;
	classes = {
	};
	objectVersion = 46;
	objects = {

/* Begin PBXBuildFile section */
		21DEC4041CF68D8100196D6B /* AppDelegate.swift in Sources */ = {isa = PBXBuildFile; fileRef = 21DEC4031CF68D8100196D6B /* AppDelegate.swift */; };
		21DEC4061CF68D8100196D6B /* ViewController.swift in Sources */ = {isa = PBXBuildFile; fileRef = 21DEC4051CF68D8100196D6B /* ViewController.swift */; };
		21DEC4091CF68D8100196D6B /* Main.storyboard in Resources */ = {isa = PBXBuildFile; fileRef = 21DEC4071CF68D8100196D6B /* Main.storyboard */; };
		21DEC40B1CF68D8100196D6B /* Assets.xcassets in Resources */ = {isa = PBXBuildFile; fileRef = 21DEC40A1CF68D8100196D6B /* Assets.xcassets */; };
		21DEC40E1CF68D8100196D6B /* LaunchScreen.storyboard in Resources */ = {isa = PBXBuildFile; fileRef = 21DEC40C1CF68D8100196D6B /* LaunchScreen.storyboard */; };
		21DEC4191CF68D8100196D6B /* Countdown_DemoTests.swift in Sources */ = {isa = PBXBuildFile; fileRef = 21DEC4181CF68D8100196D6B /* Countdown_DemoTests.swift */; };
		21DEC4241CF68D8100196D6B /* Countdown_DemoUITests.swift in Sources */ = {isa = PBXBuildFile; fileRef = 21DEC4231CF68D8100196D6B /* Countdown_DemoUITests.swift */; };
		21DEC4321CF68DCC00196D6B /* CountdownView.swift in Sources */ = {isa = PBXBuildFile; fileRef = 21DEC4311CF68DCC00196D6B /* CountdownView.swift */; };
/* End PBXBuildFile section */

/* Begin PBXContainerItemProxy section */
		21DEC4151CF68D8100196D6B /* PBXContainerItemProxy */ = {
			isa = PBXContainerItemProxy;
			containerPortal = 21DEC3F81CF68D8100196D6B /* Project object */;
			proxyType = 1;
			remoteGlobalIDString = 21DEC3FF1CF68D8100196D6B;
			remoteInfo = "Countdown-Demo";
		};
		21DEC4201CF68D8100196D6B /* PBXContainerItemProxy */ = {
			isa = PBXContainerItemProxy;
			containerPortal = 21DEC3F81CF68D8100196D6B /* Project object */;
			proxyType = 1;
			remoteGlobalIDString = 21DEC3FF1CF68D8100196D6B;
			remoteInfo = "Countdown-Demo";
		};
/* End PBXContainerItemProxy section */

/* Begin PBXFileReference section */
		21DEC4001CF68D8100196D6B /* Countdown-Demo.app */ = {isa = PBXFileReference; explicitFileType = wrapper.application; includeInIndex = 0; path = "Countdown-Demo.app"; sourceTree = BUILT_PRODUCTS_DIR; };
		21DEC4031CF68D8100196D6B /* AppDelegate.swift */ = {isa = PBXFileReference; lastKnownFileType = sourcecode.swift; path = AppDelegate.swift; sourceTree = "<group>"; };
		21DEC4051CF68D8100196D6B /* ViewController.swift */ = {isa = PBXFileReference; lastKnownFileType = sourcecode.swift; path = ViewController.swift; sourceTree = "<group>"; };
		21DEC4081CF68D8100196D6B /* Base */ = {isa = PBXFileReference; lastKnownFileType = file.storyboard; name = Base; path = Base.lproj/Main.storyboard; sourceTree = "<group>"; };
		21DEC40A1CF68D8100196D6B /* Assets.xcassets */ = {isa = PBXFileReference; lastKnownFileType = folder.assetcatalog; path = Assets.xcassets; sourceTree = "<group>"; };
		21DEC40D1CF68D8100196D6B /* Base */ = {isa = PBXFileReference; lastKnownFileType = file.storyboard; name = Base; path = Base.lproj/LaunchScreen.storyboard; sourceTree = "<group>"; };
		21DEC40F1CF68D8100196D6B /* Info.plist */ = {isa = PBXFileReference; lastKnownFileType = text.plist.xml; path = Info.plist; sourceTree = "<group>"; };
		21DEC4141CF68D8100196D6B /* Countdown-DemoTests.xctest */ = {isa = PBXFileReference; explicitFileType = wrapper.cfbundle; includeInIndex = 0; path = "Countdown-DemoTests.xctest"; sourceTree = BUILT_PRODUCTS_DIR; };
		21DEC4181CF68D8100196D6B /* Countdown_DemoTests.swift */ = {isa = PBXFileReference; lastKnownFileType = sourcecode.swift; path = Countdown_DemoTests.swift; sourceTree = "<group>"; };
		21DEC41A1CF68D8100196D6B /* Info.plist */ = {isa = PBXFileReference; lastKnownFileType = text.plist.xml; path = Info.plist; sourceTree = "<group>"; };
		21DEC41F1CF68D8100196D6B /* Countdown-DemoUITests.xctest */ = {isa = PBXFileReference; explicitFileType = wrapper.cfbundle; includeInIndex = 0; path = "Countdown-DemoUITests.xctest"; sourceTree = BUILT_PRODUCTS_DIR; };
		21DEC4231CF68D8100196D6B /* Countdown_DemoUITests.swift */ = {isa = PBXFileReference; lastKnownFileType = sourcecode.swift; path = Countdown_DemoUITests.swift; sourceTree = "<group>"; };
		21DEC4251CF68D8100196D6B /* Info.plist */ = {isa = PBXFileReference; lastKnownFileType = text.plist.xml; path = Info.plist; sourceTree = "<group>"; };
		21DEC4311CF68DCC00196D6B /* CountdownView.swift */ = {isa = PBXFileReference; fileEncoding = 4; lastKnownFileType = sourcecode.swift; path = CountdownView.swift; sourceTree = "<group>"; };
/* End PBXFileReference section */

/* Begin PBXFrameworksBuildPhase section */
		21DEC3FD1CF68D8100196D6B /* Frameworks */ = {
			isa = PBXFrameworksBuildPhase;
			buildActionMask = 2147483647;
			files = (
			);
			runOnlyForDeploymentPostprocessing = 0;
		};
		21DEC4111CF68D8100196D6B /* Frameworks */ = {
			isa = PBXFrameworksBuildPhase;
			buildActionMask = 2147483647;
			files = (
			);
			runOnlyForDeploymentPostprocessing = 0;
		};
		21DEC41C1CF68D8100196D6B /* Frameworks */ = {
			isa = PBXFrameworksBuildPhase;
			buildActionMask = 2147483647;
			files = (
			);
			runOnlyForDeploymentPostprocessing = 0;
		};
/* End PBXFrameworksBuildPhase section */

/* Begin PBXGroup section */
		21DEC3F71CF68D8100196D6B = {
			isa = PBXGroup;
			children = (
				21DEC4021CF68D8100196D6B /* Countdown-Demo */,
				21DEC4171CF68D8100196D6B /* Countdown-DemoTests */,
				21DEC4221CF68D8100196D6B /* Countdown-DemoUITests */,
				21DEC4011CF68D8100196D6B /* Products */,
			);
			sourceTree = "<group>";
		};
		21DEC4011CF68D8100196D6B /* Products */ = {
			isa = PBXGroup;
			children = (
				21DEC4001CF68D8100196D6B /* Countdown-Demo.app */,
				21DEC4141CF68D8100196D6B /* Countdown-DemoTests.xctest */,
				21DEC41F1CF68D8100196D6B /* Countdown-DemoUITests.xctest */,
			);
			name = Products;
			sourceTree = "<group>";
		};
		21DEC4021CF68D8100196D6B /* Countdown-Demo */ = {
			isa = PBXGroup;
			children = (
				21DEC4031CF68D8100196D6B /* AppDelegate.swift */,
				21DEC4051CF68D8100196D6B /* ViewController.swift */,
				21DEC4311CF68DCC00196D6B /* CountdownView.swift */,
				21DEC4071CF68D8100196D6B /* Main.storyboard */,
				21DEC40A1CF68D8100196D6B /* Assets.xcassets */,
				21DEC40C1CF68D8100196D6B /* LaunchScreen.storyboard */,
				21DEC40F1CF68D8100196D6B /* Info.plist */,
			);
			path = "Countdown-Demo";
			sourceTree = "<group>";
		};
		21DEC4171CF68D8100196D6B /* Countdown-DemoTests */ = {
			isa = PBXGroup;
			children = (
				21DEC4181CF68D8100196D6B /* Countdown_DemoTests.swift */,
				21DEC41A1CF68D8100196D6B /* Info.plist */,
			);
			path = "Countdown-DemoTests";
			sourceTree = "<group>";
		};
		21DEC4221CF68D8100196D6B /* Countdown-DemoUITests */ = {
			isa = PBXGroup;
			children = (
				21DEC4231CF68D8100196D6B /* Countdown_DemoUITests.swift */,
				21DEC4251CF68D8100196D6B /* Info.plist */,
			);
			path = "Countdown-DemoUITests";
			sourceTree = "<group>";
		};
/* End PBXGroup section */

/* Begin PBXNativeTarget section */
		21DEC3FF1CF68D8100196D6B /* Countdown-Demo */ = {
			isa = PBXNativeTarget;
			buildConfigurationList = 21DEC4281CF68D8100196D6B /* Build configuration list for PBXNativeTarget "Countdown-Demo" */;
			buildPhases = (
				21DEC3FC1CF68D8100196D6B /* Sources */,
				21DEC3FD1CF68D8100196D6B /* Frameworks */,
				21DEC3FE1CF68D8100196D6B /* Resources */,
			);
			buildRules = (
			);
			dependencies = (
			);
			name = "Countdown-Demo";
			productName = "Countdown-Demo";
			productReference = 21DEC4001CF68D8100196D6B /* Countdown-Demo.app */;
			productType = "com.apple.product-type.application";
		};
		21DEC4131CF68D8100196D6B /* Countdown-DemoTests */ = {
			isa = PBXNativeTarget;
			buildConfigurationList = 21DEC42B1CF68D8100196D6B /* Build configuration list for PBXNativeTarget "Countdown-DemoTests" */;
			buildPhases = (
				21DEC4101CF68D8100196D6B /* Sources */,
				21DEC4111CF68D8100196D6B /* Frameworks */,
				21DEC4121CF68D8100196D6B /* Resources */,
			);
			buildRules = (
			);
			dependencies = (
				21DEC4161CF68D8100196D6B /* PBXTargetDependency */,
			);
			name = "Countdown-DemoTests";
			productName = "Countdown-DemoTests";
			productReference = 21DEC4141CF68D8100196D6B /* Countdown-DemoTests.xctest */;
			productType = "com.apple.product-type.bundle.unit-test";
		};
		21DEC41E1CF68D8100196D6B /* Countdown-DemoUITests */ = {
			isa = PBXNativeTarget;
			buildConfigurationList = 21DEC42E1CF68D8100196D6B /* Build configuration list for PBXNativeTarget "Countdown-DemoUITests" */;
			buildPhases = (
				21DEC41B1CF68D8100196D6B /* Sources */,
				21DEC41C1CF68D8100196D6B /* Frameworks */,
				21DEC41D1CF68D8100196D6B /* Resources */,
			);
			buildRules = (
			);
			dependencies = (
				21DEC4211CF68D8100196D6B /* PBXTargetDependency */,
			);
			name = "Countdown-DemoUITests";
			productName = "Countdown-DemoUITests";
			productReference = 21DEC41F1CF68D8100196D6B /* Countdown-DemoUITests.xctest */;
			productType = "com.apple.product-type.bundle.ui-testing";
		};
/* End PBXNativeTarget section */

/* Begin PBXProject section */
		21DEC3F81CF68D8100196D6B /* Project object */ = {
			isa = PBXProject;
			attributes = {
				LastSwiftUpdateCheck = 0730;
				LastUpgradeCheck = 0730;
				ORGANIZATIONNAME = Feng;
				TargetAttributes = {
					21DEC3FF1CF68D8100196D6B = {
						CreatedOnToolsVersion = 7.3;
						DevelopmentTeam = 978KGC2P9J;
					};
					21DEC4131CF68D8100196D6B = {
						CreatedOnToolsVersion = 7.3;
						DevelopmentTeam = 978KGC2P9J;
						TestTargetID = 21DEC3FF1CF68D8100196D6B;
					};
					21DEC41E1CF68D8100196D6B = {
						CreatedOnToolsVersion = 7.3;
						DevelopmentTeam = 978KGC2P9J;
						TestTargetID = 21DEC3FF1CF68D8100196D6B;
					};
				};
			};
			buildConfigurationList = 21DEC3FB1CF68D8100196D6B /* Build configuration list for PBXProject "Countdown-Demo" */;
			compatibilityVersion = "Xcode 3.2";
			developmentRegion = English;
			hasScannedForEncodings = 0;
			knownRegions = (
				en,
				Base,
			);
			mainGroup = 21DEC3F71CF68D8100196D6B;
			productRefGroup = 21DEC4011CF68D8100196D6B /* Products */;
			projectDirPath = "";
			projectRoot = "";
			targets = (
				21DEC3FF1CF68D8100196D6B /* Countdown-Demo */,
				21DEC4131CF68D8100196D6B /* Countdown-DemoTests */,
				21DEC41E1CF68D8100196D6B /* Countdown-DemoUITests */,
			);
		};
/* End PBXProject section */

/* Begin PBXResourcesBuildPhase section */
		21DEC3FE1CF68D8100196D6B /* Resources */ = {
			isa = PBXResourcesBuildPhase;
			buildActionMask = 2147483647;
			files = (
				21DEC40E1CF68D8100196D6B /* LaunchScreen.storyboard in Resources */,
				21DEC40B1CF68D8100196D6B /* Assets.xcassets in Resources */,
				21DEC4091CF68D8100196D6B /* Main.storyboard in Resources */,
			);
			runOnlyForDeploymentPostprocessing = 0;
		};
		21DEC4121CF68D8100196D6B /* Resources */ = {
			isa = PBXResourcesBuildPhase;
			buildActionMask = 2147483647;
			files = (
			);
			runOnlyForDeploymentPostprocessing = 0;
		};
		21DEC41D1CF68D8100196D6B /* Resources */ = {
			isa = PBXResourcesBuildPhase;
			buildActionMask = 2147483647;
			files = (
			);
			runOnlyForDeploymentPostprocessing = 0;
		};
/* End PBXResourcesBuildPhase section */

/* Begin PBXSourcesBuildPhase section */
		21DEC3FC1CF68D8100196D6B /* Sources */ = {
			isa = PBXSourcesBuildPhase;
			buildActionMask = 2147483647;
			files = (
				21DEC4321CF68DCC00196D6B /* CountdownView.swift in Sources */,
				21DEC4061CF68D8100196D6B /* ViewController.swift in Sources */,
				21DEC4041CF68D8100196D6B /* AppDelegate.swift in Sources */,
			);
			runOnlyForDeploymentPostprocessing = 0;
		};
		21DEC4101CF68D8100196D6B /* Sources */ = {
			isa = PBXSourcesBuildPhase;
			buildActionMask = 2147483647;
			files = (
				21DEC4191CF68D8100196D6B /* Countdown_DemoTests.swift in Sources */,
			);
			runOnlyForDeploymentPostprocessing = 0;
		};
		21DEC41B1CF68D8100196D6B /* Sources */ = {
			isa = PBXSourcesBuildPhase;
			buildActionMask = 2147483647;
			files = (
				21DEC4241CF68D8100196D6B /* Countdown_DemoUITests.swift in Sources */,
			);
			runOnlyForDeploymentPostprocessing = 0;
		};
/* End PBXSourcesBuildPhase section */

/* Begin PBXTargetDependency section */
		21DEC4161CF68D8100196D6B /* PBXTargetDependency */ = {
			isa = PBXTargetDependency;
			target = 21DEC3FF1CF68D8100196D6B /* Countdown-Demo */;
			targetProxy = 21DEC4151CF68D8100196D6B /* PBXContainerItemProxy */;
		};
		21DEC4211CF68D8100196D6B /* PBXTargetDependency */ = {
			isa = PBXTargetDependency;
			target = 21DEC3FF1CF68D8100196D6B /* Countdown-Demo */;
			targetProxy = 21DEC4201CF68D8100196D6B /* PBXContainerItemProxy */;
		};
/* End PBXTargetDependency section */

/* Begin PBXVariantGroup section */
		21DEC4071CF68D8100196D6B /* Main.storyboard */ = {
			isa = PBXVariantGroup;
			children = (
				21DEC4081CF68D8100196D6B /* Base */,
			);
			name = Main.storyboard;
			sourceTree = "<group>";
		};
		21DEC40C1CF68D8100196D6B /* LaunchScreen.storyboard */ = {
			isa = PBXVariantGroup;
			children = (
				21DEC40D1CF68D8100196D6B /* Base */,
			);
			name = LaunchScreen.storyboard;
			sourceTree = "<group>";
		};
/* End PBXVariantGroup section */

/* Begin XCBuildConfiguration section */
		21DEC4261CF68D8100196D6B /* Debug */ = {
			isa = XCBuildConfiguration;
			buildSettings = {
				ALWAYS_SEARCH_USER_PATHS = NO;
				CLANG_ANALYZER_NONNULL = YES;
				CLANG_CXX_LANGUAGE_STANDARD = "gnu++0x";
				CLANG_CXX_LIBRARY = "libc++";
				CLANG_ENABLE_MODULES = YES;
				CLANG_ENABLE_OBJC_ARC = YES;
				CLANG_WARN_BOOL_CONVERSION = YES;
				CLANG_WARN_CONSTANT_CONVERSION = YES;
				CLANG_WARN_DIRECT_OBJC_ISA_USAGE = YES_ERROR;
				CLANG_WARN_EMPTY_BODY = YES;
				CLANG_WARN_ENUM_CONVERSION = YES;
				CLANG_WARN_INT_CONVERSION = YES;
				CLANG_WARN_OBJC_ROOT_CLASS = YES_ERROR;
				CLANG_WARN_UNREACHABLE_CODE = YES;
				CLANG_WARN__DUPLICATE_METHOD_MATCH = YES;
				"CODE_SIGN_IDENTITY[sdk=iphoneos*]" = "iPhone Developer";
				COPY_PHASE_STRIP = NO;
				DEBUG_INFORMATION_FORMAT = dwarf;
				ENABLE_STRICT_OBJC_MSGSEND = YES;
				ENABLE_TESTABILITY = YES;
				GCC_C_LANGUAGE_STANDARD = gnu99;
				GCC_DYNAMIC_NO_PIC = NO;
				GCC_NO_COMMON_BLOCKS = YES;
				GCC_OPTIMIZATION_LEVEL = 0;
				GCC_PREPROCESSOR_DEFINITIONS = (
					"DEBUG=1",
					"$(inherited)",
				);
				GCC_WARN_64_TO_32_BIT_CONVERSION = YES;
				GCC_WARN_ABOUT_RETURN_TYPE = YES_ERROR;
				GCC_WARN_UNDECLARED_SELECTOR = YES;
				GCC_WARN_UNINITIALIZED_AUTOS = YES_AGGRESSIVE;
				GCC_WARN_UNUSED_FUNCTION = YES;
				GCC_WARN_UNUSED_VARIABLE = YES;
				IPHONEOS_DEPLOYMENT_TARGET = 9.3;
				MTL_ENABLE_DEBUG_INFO = YES;
				ONLY_ACTIVE_ARCH = YES;
				SDKROOT = iphoneos;
				SWIFT_OPTIMIZATION_LEVEL = "-Onone";
			};
			name = Debug;
		};
		21DEC4271CF68D8100196D6B /* Release */ = {
			isa = XCBuildConfiguration;
			buildSettings = {
				ALWAYS_SEARCH_USER_PATHS = NO;
				CLANG_ANALYZER_NONNULL = YES;
				CLANG_CXX_LANGUAGE_STANDARD = "gnu++0x";
				CLANG_CXX_LIBRARY = "libc++";
				CLANG_ENABLE_MODULES = YES;
				CLANG_ENABLE_OBJC_ARC = YES;
				CLANG_WARN_BOOL_CONVERSION = YES;
				CLANG_WARN_CONSTANT_CONVERSION = YES;
				CLANG_WARN_DIRECT_OBJC_ISA_USAGE = YES_ERROR;
				CLANG_WARN_EMPTY_BODY = YES;
				CLANG_WARN_ENUM_CONVERSION = YES;
				CLANG_WARN_INT_CONVERSION = YES;
				CLANG_WARN_OBJC_ROOT_CLASS = YES_ERROR;
				CLANG_WARN_UNREACHABLE_CODE = YES;
				CLANG_WARN__DUPLICATE_METHOD_MATCH = YES;
				"CODE_SIGN_IDENTITY[sdk=iphoneos*]" = "iPhone Developer";
				COPY_PHASE_STRIP = NO;
				DEBUG_INFORMATION_FORMAT = "dwarf-with-dsym";
				ENABLE_NS_ASSERTIONS = NO;
				ENABLE_STRICT_OBJC_MSGSEND = YES;
				GCC_C_LANGUAGE_STANDARD = gnu99;
				GCC_NO_COMMON_BLOCKS = YES;
				GCC_WARN_64_TO_32_BIT_CONVERSION = YES;
				GCC_WARN_ABOUT_RETURN_TYPE = YES_ERROR;
				GCC_WARN_UNDECLARED_SELECTOR = YES;
				GCC_WARN_UNINITIALIZED_AUTOS = YES_AGGRESSIVE;
				GCC_WARN_UNUSED_FUNCTION = YES;
				GCC_WARN_UNUSED_VARIABLE = YES;
				IPHONEOS_DEPLOYMENT_TARGET = 9.3;
				MTL_ENABLE_DEBUG_INFO = NO;
				SDKROOT = iphoneos;
				VALIDATE_PRODUCT = YES;
			};
			name = Release;
		};
		21DEC4291CF68D8100196D6B /* Debug */ = {
			isa = XCBuildConfiguration;
			buildSettings = {
				ASSETCATALOG_COMPILER_APPICON_NAME = AppIcon;
				INFOPLIST_FILE = "Countdown-Demo/Info.plist";
				LD_RUNPATH_SEARCH_PATHS = "$(inherited) @executable_path/Frameworks";
				PRODUCT_BUNDLE_IDENTIFIER = "com..Countdown-Demo";
				PRODUCT_NAME = "$(TARGET_NAME)";
			};
			name = Debug;
		};
		21DEC42A1CF68D8100196D6B /* Release */ = {
			isa = XCBuildConfiguration;
			buildSettings = {
				ASSETCATALOG_COMPILER_APPICON_NAME = AppIcon;
				INFOPLIST_FILE = "Countdown-Demo/Info.plist";
				LD_RUNPATH_SEARCH_PATHS = "$(inherited) @executable_path/Frameworks";
				PRODUCT_BUNDLE_IDENTIFIER = "com..Countdown-Demo";
				PRODUCT_NAME = "$(TARGET_NAME)";
			};
			name = Release;
		};
		21DEC42C1CF68D8100196D6B /* Debug */ = {
			isa = XCBuildConfiguration;
			buildSettings = {
				BUNDLE_LOADER = "$(TEST_HOST)";
				INFOPLIST_FILE = "Countdown-DemoTests/Info.plist";
				LD_RUNPATH_SEARCH_PATHS = "$(inherited) @executable_path/Frameworks @loader_path/Frameworks";
				PRODUCT_BUNDLE_IDENTIFIER = "com..Countdown-DemoTests";
				PRODUCT_NAME = "$(TARGET_NAME)";
				TEST_HOST = "$(BUILT_PRODUCTS_DIR)/Countdown-Demo.app/Countdown-Demo";
			};
			name = Debug;
		};
		21DEC42D1CF68D8100196D6B /* Release */ = {
			isa = XCBuildConfiguration;
			buildSettings = {
				BUNDLE_LOADER = "$(TEST_HOST)";
				INFOPLIST_FILE = "Countdown-DemoTests/Info.plist";
				LD_RUNPATH_SEARCH_PATHS = "$(inherited) @executable_path/Frameworks @loader_path/Frameworks";
				PRODUCT_BUNDLE_IDENTIFIER = "com..Countdown-DemoTests";
				PRODUCT_NAME = "$(TARGET_NAME)";
				TEST_HOST = "$(BUILT_PRODUCTS_DIR)/Countdown-Demo.app/Countdown-Demo";
			};
			name = Release;
		};
		21DEC42F1CF68D8100196D6B /* Debug */ = {
			isa = XCBuildConfiguration;
			buildSettings = {
				INFOPLIST_FILE = "Countdown-DemoUITests/Info.plist";
				LD_RUNPATH_SEARCH_PATHS = "$(inherited) @executable_path/Frameworks @loader_path/Frameworks";
				PRODUCT_BUNDLE_IDENTIFIER = "com..Countdown-DemoUITests";
				PRODUCT_NAME = "$(TARGET_NAME)";
				TEST_TARGET_NAME = "Countdown-Demo";
			};
			name = Debug;
		};
		21DEC4301CF68D8100196D6B /* Release */ = {
			isa = XCBuildConfiguration;
			buildSettings = {
				INFOPLIST_FILE = "Countdown-DemoUITests/Info.plist";
				LD_RUNPATH_SEARCH_PATHS = "$(inherited) @executable_path/Frameworks @loader_path/Frameworks";
				PRODUCT_BUNDLE_IDENTIFIER = "com..Countdown-DemoUITests";
				PRODUCT_NAME = "$(TARGET_NAME)";
				TEST_TARGET_NAME = "Countdown-Demo";
			};
			name = Release;
		};
/* End XCBuildConfiguration section */

/* Begin XCConfigurationList section */
		21DEC3FB1CF68D8100196D6B /* Build configuration list for PBXProject "Countdown-Demo" */ = {
			isa = XCConfigurationList;
			buildConfigurations = (
				21DEC4261CF68D8100196D6B /* Debug */,
				21DEC4271CF68D8100196D6B /* Release */,
			);
			defaultConfigurationIsVisible = 0;
			defaultConfigurationName = Release;
		};
		21DEC4281CF68D8100196D6B /* Build configuration list for PBXNativeTarget "Countdown-Demo" */ = {
			isa = XCConfigurationList;
			buildConfigurations = (
				21DEC4291CF68D8100196D6B /* Debug */,
				21DEC42A1CF68D8100196D6B /* Release */,
			);
			defaultConfigurationIsVisible = 0;
		};
		21DEC42B1CF68D8100196D6B /* Build configuration list for PBXNativeTarget "Countdown-DemoTests" */ = {
			isa = XCConfigurationList;
			buildConfigurations = (
				21DEC42C1CF68D8100196D6B /* Debug */,
				21DEC42D1CF68D8100196D6B /* Release */,
			);
			defaultConfigurationIsVisible = 0;
		};
		21DEC42E1CF68D8100196D6B /* Build configuration list for PBXNativeTarget "Countdown-DemoUITests" */ = {
			isa = XCConfigurationList;
			buildConfigurations = (
				21DEC42F1CF68D8100196D6B /* Debug */,
				21DEC4301CF68D8100196D6B /* Release */,
			);
			defaultConfigurationIsVisible = 0;
		};
/* End XCConfigurationList section */
	};
	rootObject = 21DEC3F81CF68D8100196D6B /* Project object */;
}
