// !$*UTF8*$!
{
	archiveVersion = 1;
	classes = {
	};
	objectVersion = 46;
	objects = {

/* Begin PBXBuildFile section */
		21CE25D91CDB284B00524F3E /* AppDelegate.swift in Sources */ = {isa = PBXBuildFile; fileRef = 21CE25D81CDB284B00524F3E /* AppDelegate.swift */; };
		21CE25DB1CDB284B00524F3E /* ViewController.swift in Sources */ = {isa = PBXBuildFile; fileRef = 21CE25DA1CDB284B00524F3E /* ViewController.swift */; };
		21CE25DE1CDB284B00524F3E /* Main.storyboard in Resources */ = {isa = PBXBuildFile; fileRef = 21CE25DC1CDB284B00524F3E /* Main.storyboard */; };
		21CE25E01CDB284B00524F3E /* Assets.xcassets in Resources */ = {isa = PBXBuildFile; fileRef = 21CE25DF1CDB284B00524F3E /* Assets.xcassets */; };
		21CE25E31CDB284B00524F3E /* LaunchScreen.storyboard in Resources */ = {isa = PBXBuildFile; fileRef = 21CE25E11CDB284B00524F3E /* LaunchScreen.storyboard */; };
		21CE25EE1CDB284B00524F3E /* DownTests.swift in Sources */ = {isa = PBXBuildFile; fileRef = 21CE25ED1CDB284B00524F3E /* DownTests.swift */; };
		21CE25F91CDB284B00524F3E /* DownUITests.swift in Sources */ = {isa = PBXBuildFile; fileRef = 21CE25F81CDB284B00524F3E /* DownUITests.swift */; };
		21CE26211CDB28B700524F3E /* FMDatabase+FTS3.m in Sources */ = {isa = PBXBuildFile; fileRef = 21CE260E1CDB28B700524F3E /* FMDatabase+FTS3.m */; };
		21CE26221CDB28B700524F3E /* FMTokenizers.m in Sources */ = {isa = PBXBuildFile; fileRef = 21CE26101CDB28B700524F3E /* FMTokenizers.m */; };
		21CE26231CDB28B700524F3E /* FMDatabase+InMemoryOnDiskIO.m in Sources */ = {isa = PBXBuildFile; fileRef = 21CE26141CDB28B700524F3E /* FMDatabase+InMemoryOnDiskIO.m */; };
		21CE26241CDB28B700524F3E /* FMDatabase.m in Sources */ = {isa = PBXBuildFile; fileRef = 21CE26171CDB28B700524F3E /* FMDatabase.m */; };
		21CE26251CDB28B700524F3E /* FMDatabaseAdditions.m in Sources */ = {isa = PBXBuildFile; fileRef = 21CE26191CDB28B700524F3E /* FMDatabaseAdditions.m */; };
		21CE26261CDB28B700524F3E /* FMDatabasePool.m in Sources */ = {isa = PBXBuildFile; fileRef = 21CE261B1CDB28B700524F3E /* FMDatabasePool.m */; };
		21CE26271CDB28B700524F3E /* FMDatabaseQueue.m in Sources */ = {isa = PBXBuildFile; fileRef = 21CE261D1CDB28B700524F3E /* FMDatabaseQueue.m */; };
		21CE26281CDB28B700524F3E /* FMResultSet.m in Sources */ = {isa = PBXBuildFile; fileRef = 21CE26201CDB28B700524F3E /* FMResultSet.m */; };
		21CE262A1CDB28EE00524F3E /* libsqlite3.0.tbd in Frameworks */ = {isa = PBXBuildFile; fileRef = 21CE26291CDB28EE00524F3E /* libsqlite3.0.tbd */; };
		21CE262D1CDB2DD400524F3E /* URLCache.swift in Sources */ = {isa = PBXBuildFile; fileRef = 21CE262C1CDB2DD400524F3E /* URLCache.swift */; };
/* End PBXBuildFile section */

/* Begin PBXContainerItemProxy section */
		21CE25EA1CDB284B00524F3E /* PBXContainerItemProxy */ = {
			isa = PBXContainerItemProxy;
			containerPortal = 21CE25CD1CDB284B00524F3E /* Project object */;
			proxyType = 1;
			remoteGlobalIDString = 21CE25D41CDB284B00524F3E;
			remoteInfo = Down;
		};
		21CE25F51CDB284B00524F3E /* PBXContainerItemProxy */ = {
			isa = PBXContainerItemProxy;
			containerPortal = 21CE25CD1CDB284B00524F3E /* Project object */;
			proxyType = 1;
			remoteGlobalIDString = 21CE25D41CDB284B00524F3E;
			remoteInfo = Down;
		};
/* End PBXContainerItemProxy section */

/* Begin PBXFileReference section */
		21CE25D51CDB284B00524F3E /* Down.app */ = {isa = PBXFileReference; explicitFileType = wrapper.application; includeInIndex = 0; path = Down.app; sourceTree = BUILT_PRODUCTS_DIR; };
		21CE25D81CDB284B00524F3E /* AppDelegate.swift */ = {isa = PBXFileReference; lastKnownFileType = sourcecode.swift; path = AppDelegate.swift; sourceTree = "<group>"; };
		21CE25DA1CDB284B00524F3E /* ViewController.swift */ = {isa = PBXFileReference; lastKnownFileType = sourcecode.swift; path = ViewController.swift; sourceTree = "<group>"; };
		21CE25DD1CDB284B00524F3E /* Base */ = {isa = PBXFileReference; lastKnownFileType = file.storyboard; name = Base; path = Base.lproj/Main.storyboard; sourceTree = "<group>"; };
		21CE25DF1CDB284B00524F3E /* Assets.xcassets */ = {isa = PBXFileReference; lastKnownFileType = folder.assetcatalog; path = Assets.xcassets; sourceTree = "<group>"; };
		21CE25E21CDB284B00524F3E /* Base */ = {isa = PBXFileReference; lastKnownFileType = file.storyboard; name = Base; path = Base.lproj/LaunchScreen.storyboard; sourceTree = "<group>"; };
		21CE25E41CDB284B00524F3E /* Info.plist */ = {isa = PBXFileReference; lastKnownFileType = text.plist.xml; path = Info.plist; sourceTree = "<group>"; };
		21CE25E91CDB284B00524F3E /* DownTests.xctest */ = {isa = PBXFileReference; explicitFileType = wrapper.cfbundle; includeInIndex = 0; path = DownTests.xctest; sourceTree = BUILT_PRODUCTS_DIR; };
		21CE25ED1CDB284B00524F3E /* DownTests.swift */ = {isa = PBXFileReference; lastKnownFileType = sourcecode.swift; path = DownTests.swift; sourceTree = "<group>"; };
		21CE25EF1CDB284B00524F3E /* Info.plist */ = {isa = PBXFileReference; lastKnownFileType = text.plist.xml; path = Info.plist; sourceTree = "<group>"; };
		21CE25F41CDB284B00524F3E /* DownUITests.xctest */ = {isa = PBXFileReference; explicitFileType = wrapper.cfbundle; includeInIndex = 0; path = DownUITests.xctest; sourceTree = BUILT_PRODUCTS_DIR; };
		21CE25F81CDB284B00524F3E /* DownUITests.swift */ = {isa = PBXFileReference; lastKnownFileType = sourcecode.swift; path = DownUITests.swift; sourceTree = "<group>"; };
		21CE25FA1CDB284B00524F3E /* Info.plist */ = {isa = PBXFileReference; lastKnownFileType = text.plist.xml; path = Info.plist; sourceTree = "<group>"; };
		21CE26061CDB286700524F3E /* Down-Bridging-Header.h */ = {isa = PBXFileReference; lastKnownFileType = sourcecode.c.h; path = "Down-Bridging-Header.h"; sourceTree = "<group>"; };
		21CE260D1CDB28B700524F3E /* FMDatabase+FTS3.h */ = {isa = PBXFileReference; fileEncoding = 4; lastKnownFileType = sourcecode.c.h; path = "FMDatabase+FTS3.h"; sourceTree = "<group>"; };
		21CE260E1CDB28B700524F3E /* FMDatabase+FTS3.m */ = {isa = PBXFileReference; fileEncoding = 4; lastKnownFileType = sourcecode.c.objc; path = "FMDatabase+FTS3.m"; sourceTree = "<group>"; };
		21CE260F1CDB28B700524F3E /* FMTokenizers.h */ = {isa = PBXFileReference; fileEncoding = 4; lastKnownFileType = sourcecode.c.h; path = FMTokenizers.h; sourceTree = "<group>"; };
		21CE26101CDB28B700524F3E /* FMTokenizers.m */ = {isa = PBXFileReference; fileEncoding = 4; lastKnownFileType = sourcecode.c.objc; path = FMTokenizers.m; sourceTree = "<group>"; };
		21CE26111CDB28B700524F3E /* fts3_tokenizer.h */ = {isa = PBXFileReference; fileEncoding = 4; lastKnownFileType = sourcecode.c.h; path = fts3_tokenizer.h; sourceTree = "<group>"; };
		21CE26131CDB28B700524F3E /* FMDatabase+InMemoryOnDiskIO.h */ = {isa = PBXFileReference; fileEncoding = 4; lastKnownFileType = sourcecode.c.h; path = "FMDatabase+InMemoryOnDiskIO.h"; sourceTree = "<group>"; };
		21CE26141CDB28B700524F3E /* FMDatabase+InMemoryOnDiskIO.m */ = {isa = PBXFileReference; fileEncoding = 4; lastKnownFileType = sourcecode.c.objc; path = "FMDatabase+InMemoryOnDiskIO.m"; sourceTree = "<group>"; };
		21CE26161CDB28B700524F3E /* FMDatabase.h */ = {isa = PBXFileReference; fileEncoding = 4; lastKnownFileType = sourcecode.c.h; path = FMDatabase.h; sourceTree = "<group>"; };
		21CE26171CDB28B700524F3E /* FMDatabase.m */ = {isa = PBXFileReference; fileEncoding = 4; lastKnownFileType = sourcecode.c.objc; path = FMDatabase.m; sourceTree = "<group>"; };
		21CE26181CDB28B700524F3E /* FMDatabaseAdditions.h */ = {isa = PBXFileReference; fileEncoding = 4; lastKnownFileType = sourcecode.c.h; path = FMDatabaseAdditions.h; sourceTree = "<group>"; };
		21CE26191CDB28B700524F3E /* FMDatabaseAdditions.m */ = {isa = PBXFileReference; fileEncoding = 4; lastKnownFileType = sourcecode.c.objc; path = FMDatabaseAdditions.m; sourceTree = "<group>"; };
		21CE261A1CDB28B700524F3E /* FMDatabasePool.h */ = {isa = PBXFileReference; fileEncoding = 4; lastKnownFileType = sourcecode.c.h; path = FMDatabasePool.h; sourceTree = "<group>"; };
		21CE261B1CDB28B700524F3E /* FMDatabasePool.m */ = {isa = PBXFileReference; fileEncoding = 4; lastKnownFileType = sourcecode.c.objc; path = FMDatabasePool.m; sourceTree = "<group>"; };
		21CE261C1CDB28B700524F3E /* FMDatabaseQueue.h */ = {isa = PBXFileReference; fileEncoding = 4; lastKnownFileType = sourcecode.c.h; path = FMDatabaseQueue.h; sourceTree = "<group>"; };
		21CE261D1CDB28B700524F3E /* FMDatabaseQueue.m */ = {isa = PBXFileReference; fileEncoding = 4; lastKnownFileType = sourcecode.c.objc; path = FMDatabaseQueue.m; sourceTree = "<group>"; };
		21CE261E1CDB28B700524F3E /* FMDB.h */ = {isa = PBXFileReference; fileEncoding = 4; lastKnownFileType = sourcecode.c.h; path = FMDB.h; sourceTree = "<group>"; };
		21CE261F1CDB28B700524F3E /* FMResultSet.h */ = {isa = PBXFileReference; fileEncoding = 4; lastKnownFileType = sourcecode.c.h; path = FMResultSet.h; sourceTree = "<group>"; };
		21CE26201CDB28B700524F3E /* FMResultSet.m */ = {isa = PBXFileReference; fileEncoding = 4; lastKnownFileType = sourcecode.c.objc; path = FMResultSet.m; sourceTree = "<group>"; };
		21CE26291CDB28EE00524F3E /* libsqlite3.0.tbd */ = {isa = PBXFileReference; lastKnownFileType = "sourcecode.text-based-dylib-definition"; name = libsqlite3.0.tbd; path = usr/lib/libsqlite3.0.tbd; sourceTree = SDKROOT; };
		21CE262C1CDB2DD400524F3E /* URLCache.swift */ = {isa = PBXFileReference; fileEncoding = 4; lastKnownFileType = sourcecode.swift; path = URLCache.swift; sourceTree = "<group>"; };
/* End PBXFileReference section */

/* Begin PBXFrameworksBuildPhase section */
		21CE25D21CDB284B00524F3E /* Frameworks */ = {
			isa = PBXFrameworksBuildPhase;
			buildActionMask = 2147483647;
			files = (
				21CE262A1CDB28EE00524F3E /* libsqlite3.0.tbd in Frameworks */,
			);
			runOnlyForDeploymentPostprocessing = 0;
		};
		21CE25E61CDB284B00524F3E /* Frameworks */ = {
			isa = PBXFrameworksBuildPhase;
			buildActionMask = 2147483647;
			files = (
			);
			runOnlyForDeploymentPostprocessing = 0;
		};
		21CE25F11CDB284B00524F3E /* Frameworks */ = {
			isa = PBXFrameworksBuildPhase;
			buildActionMask = 2147483647;
			files = (
			);
			runOnlyForDeploymentPostprocessing = 0;
		};
/* End PBXFrameworksBuildPhase section */

/* Begin PBXGroup section */
		21CE25CC1CDB284B00524F3E = {
			isa = PBXGroup;
			children = (
				21CE26291CDB28EE00524F3E /* libsqlite3.0.tbd */,
				21CE25D71CDB284B00524F3E /* Down */,
				21CE25EC1CDB284B00524F3E /* DownTests */,
				21CE25F71CDB284B00524F3E /* DownUITests */,
				21CE25D61CDB284B00524F3E /* Products */,
			);
			sourceTree = "<group>";
		};
		21CE25D61CDB284B00524F3E /* Products */ = {
			isa = PBXGroup;
			children = (
				21CE25D51CDB284B00524F3E /* Down.app */,
				21CE25E91CDB284B00524F3E /* DownTests.xctest */,
				21CE25F41CDB284B00524F3E /* DownUITests.xctest */,
			);
			name = Products;
			sourceTree = "<group>";
		};
		21CE25D71CDB284B00524F3E /* Down */ = {
			isa = PBXGroup;
			children = (
				21CE25D81CDB284B00524F3E /* AppDelegate.swift */,
				21CE25DA1CDB284B00524F3E /* ViewController.swift */,
				21CE262C1CDB2DD400524F3E /* URLCache.swift */,
				21CE25DC1CDB284B00524F3E /* Main.storyboard */,
				21CE262B1CDB292900524F3E /* FYDownLoad */,
				21CE260A1CDB28B700524F3E /* fmdb */,
				21CE25DF1CDB284B00524F3E /* Assets.xcassets */,
				21CE25E11CDB284B00524F3E /* LaunchScreen.storyboard */,
				21CE25E41CDB284B00524F3E /* Info.plist */,
				21CE26061CDB286700524F3E /* Down-Bridging-Header.h */,
			);
			path = Down;
			sourceTree = "<group>";
		};
		21CE25EC1CDB284B00524F3E /* DownTests */ = {
			isa = PBXGroup;
			children = (
				21CE25ED1CDB284B00524F3E /* DownTests.swift */,
				21CE25EF1CDB284B00524F3E /* Info.plist */,
			);
			path = DownTests;
			sourceTree = "<group>";
		};
		21CE25F71CDB284B00524F3E /* DownUITests */ = {
			isa = PBXGroup;
			children = (
				21CE25F81CDB284B00524F3E /* DownUITests.swift */,
				21CE25FA1CDB284B00524F3E /* Info.plist */,
			);
			path = DownUITests;
			sourceTree = "<group>";
		};
		21CE260A1CDB28B700524F3E /* fmdb */ = {
			isa = PBXGroup;
			children = (
				21CE260B1CDB28B700524F3E /* extra */,
				21CE26161CDB28B700524F3E /* FMDatabase.h */,
				21CE26171CDB28B700524F3E /* FMDatabase.m */,
				21CE26181CDB28B700524F3E /* FMDatabaseAdditions.h */,
				21CE26191CDB28B700524F3E /* FMDatabaseAdditions.m */,
				21CE261A1CDB28B700524F3E /* FMDatabasePool.h */,
				21CE261B1CDB28B700524F3E /* FMDatabasePool.m */,
				21CE261C1CDB28B700524F3E /* FMDatabaseQueue.h */,
				21CE261D1CDB28B700524F3E /* FMDatabaseQueue.m */,
				21CE261E1CDB28B700524F3E /* FMDB.h */,
				21CE261F1CDB28B700524F3E /* FMResultSet.h */,
				21CE26201CDB28B700524F3E /* FMResultSet.m */,
			);
			path = fmdb;
			sourceTree = "<group>";
		};
		21CE260B1CDB28B700524F3E /* extra */ = {
			isa = PBXGroup;
			children = (
				21CE260C1CDB28B700524F3E /* fts3 */,
				21CE26121CDB28B700524F3E /* InMemoryOnDiskIO */,
				21CE26151CDB28B700524F3E /* Swift extensions */,
			);
			path = extra;
			sourceTree = "<group>";
		};
		21CE260C1CDB28B700524F3E /* fts3 */ = {
			isa = PBXGroup;
			children = (
				21CE260D1CDB28B700524F3E /* FMDatabase+FTS3.h */,
				21CE260E1CDB28B700524F3E /* FMDatabase+FTS3.m */,
				21CE260F1CDB28B700524F3E /* FMTokenizers.h */,
				21CE26101CDB28B700524F3E /* FMTokenizers.m */,
				21CE26111CDB28B700524F3E /* fts3_tokenizer.h */,
			);
			path = fts3;
			sourceTree = "<group>";
		};
		21CE26121CDB28B700524F3E /* InMemoryOnDiskIO */ = {
			isa = PBXGroup;
			children = (
				21CE26131CDB28B700524F3E /* FMDatabase+InMemoryOnDiskIO.h */,
				21CE26141CDB28B700524F3E /* FMDatabase+InMemoryOnDiskIO.m */,
			);
			path = InMemoryOnDiskIO;
			sourceTree = "<group>";
		};
		21CE26151CDB28B700524F3E /* Swift extensions */ = {
			isa = PBXGroup;
			children = (
			);
			path = "Swift extensions";
			sourceTree = "<group>";
		};
		21CE262B1CDB292900524F3E /* FYDownLoad */ = {
			isa = PBXGroup;
			children = (
			);
			path = FYDownLoad;
			sourceTree = "<group>";
		};
/* End PBXGroup section */

/* Begin PBXNativeTarget section */
		21CE25D41CDB284B00524F3E /* Down */ = {
			isa = PBXNativeTarget;
			buildConfigurationList = 21CE25FD1CDB284B00524F3E /* Build configuration list for PBXNativeTarget "Down" */;
			buildPhases = (
				21CE25D11CDB284B00524F3E /* Sources */,
				21CE25D21CDB284B00524F3E /* Frameworks */,
				21CE25D31CDB284B00524F3E /* Resources */,
			);
			buildRules = (
			);
			dependencies = (
			);
			name = Down;
			productName = Down;
			productReference = 21CE25D51CDB284B00524F3E /* Down.app */;
			productType = "com.apple.product-type.application";
		};
		21CE25E81CDB284B00524F3E /* DownTests */ = {
			isa = PBXNativeTarget;
			buildConfigurationList = 21CE26001CDB284B00524F3E /* Build configuration list for PBXNativeTarget "DownTests" */;
			buildPhases = (
				21CE25E51CDB284B00524F3E /* Sources */,
				21CE25E61CDB284B00524F3E /* Frameworks */,
				21CE25E71CDB284B00524F3E /* Resources */,
			);
			buildRules = (
			);
			dependencies = (
				21CE25EB1CDB284B00524F3E /* PBXTargetDependency */,
			);
			name = DownTests;
			productName = DownTests;
			productReference = 21CE25E91CDB284B00524F3E /* DownTests.xctest */;
			productType = "com.apple.product-type.bundle.unit-test";
		};
		21CE25F31CDB284B00524F3E /* DownUITests */ = {
			isa = PBXNativeTarget;
			buildConfigurationList = 21CE26031CDB284B00524F3E /* Build configuration list for PBXNativeTarget "DownUITests" */;
			buildPhases = (
				21CE25F01CDB284B00524F3E /* Sources */,
				21CE25F11CDB284B00524F3E /* Frameworks */,
				21CE25F21CDB284B00524F3E /* Resources */,
			);
			buildRules = (
			);
			dependencies = (
				21CE25F61CDB284B00524F3E /* PBXTargetDependency */,
			);
			name = DownUITests;
			productName = DownUITests;
			productReference = 21CE25F41CDB284B00524F3E /* DownUITests.xctest */;
			productType = "com.apple.product-type.bundle.ui-testing";
		};
/* End PBXNativeTarget section */

/* Begin PBXProject section */
		21CE25CD1CDB284B00524F3E /* Project object */ = {
			isa = PBXProject;
			attributes = {
				LastSwiftUpdateCheck = 0730;
				LastUpgradeCheck = 0730;
				ORGANIZATIONNAME = Feng;
				TargetAttributes = {
					21CE25D41CDB284B00524F3E = {
						CreatedOnToolsVersion = 7.3;
					};
					21CE25E81CDB284B00524F3E = {
						CreatedOnToolsVersion = 7.3;
						DevelopmentTeam = 978KGC2P9J;
						TestTargetID = 21CE25D41CDB284B00524F3E;
					};
					21CE25F31CDB284B00524F3E = {
						CreatedOnToolsVersion = 7.3;
						DevelopmentTeam = 978KGC2P9J;
						TestTargetID = 21CE25D41CDB284B00524F3E;
					};
				};
			};
			buildConfigurationList = 21CE25D01CDB284B00524F3E /* Build configuration list for PBXProject "Down" */;
			compatibilityVersion = "Xcode 3.2";
			developmentRegion = English;
			hasScannedForEncodings = 0;
			knownRegions = (
				en,
				Base,
			);
			mainGroup = 21CE25CC1CDB284B00524F3E;
			productRefGroup = 21CE25D61CDB284B00524F3E /* Products */;
			projectDirPath = "";
			projectRoot = "";
			targets = (
				21CE25D41CDB284B00524F3E /* Down */,
				21CE25E81CDB284B00524F3E /* DownTests */,
				21CE25F31CDB284B00524F3E /* DownUITests */,
			);
		};
/* End PBXProject section */

/* Begin PBXResourcesBuildPhase section */
		21CE25D31CDB284B00524F3E /* Resources */ = {
			isa = PBXResourcesBuildPhase;
			buildActionMask = 2147483647;
			files = (
				21CE25E31CDB284B00524F3E /* LaunchScreen.storyboard in Resources */,
				21CE25E01CDB284B00524F3E /* Assets.xcassets in Resources */,
				21CE25DE1CDB284B00524F3E /* Main.storyboard in Resources */,
			);
			runOnlyForDeploymentPostprocessing = 0;
		};
		21CE25E71CDB284B00524F3E /* Resources */ = {
			isa = PBXResourcesBuildPhase;
			buildActionMask = 2147483647;
			files = (
			);
			runOnlyForDeploymentPostprocessing = 0;
		};
		21CE25F21CDB284B00524F3E /* Resources */ = {
			isa = PBXResourcesBuildPhase;
			buildActionMask = 2147483647;
			files = (
			);
			runOnlyForDeploymentPostprocessing = 0;
		};
/* End PBXResourcesBuildPhase section */

/* Begin PBXSourcesBuildPhase section */
		21CE25D11CDB284B00524F3E /* Sources */ = {
			isa = PBXSourcesBuildPhase;
			buildActionMask = 2147483647;
			files = (
				21CE26231CDB28B700524F3E /* FMDatabase+InMemoryOnDiskIO.m in Sources */,
				21CE26211CDB28B700524F3E /* FMDatabase+FTS3.m in Sources */,
				21CE25DB1CDB284B00524F3E /* ViewController.swift in Sources */,
				21CE26241CDB28B700524F3E /* FMDatabase.m in Sources */,
				21CE26281CDB28B700524F3E /* FMResultSet.m in Sources */,
				21CE26221CDB28B700524F3E /* FMTokenizers.m in Sources */,
				21CE26261CDB28B700524F3E /* FMDatabasePool.m in Sources */,
				21CE26251CDB28B700524F3E /* FMDatabaseAdditions.m in Sources */,
				21CE25D91CDB284B00524F3E /* AppDelegate.swift in Sources */,
				21CE262D1CDB2DD400524F3E /* URLCache.swift in Sources */,
				21CE26271CDB28B700524F3E /* FMDatabaseQueue.m in Sources */,
			);
			runOnlyForDeploymentPostprocessing = 0;
		};
		21CE25E51CDB284B00524F3E /* Sources */ = {
			isa = PBXSourcesBuildPhase;
			buildActionMask = 2147483647;
			files = (
				21CE25EE1CDB284B00524F3E /* DownTests.swift in Sources */,
			);
			runOnlyForDeploymentPostprocessing = 0;
		};
		21CE25F01CDB284B00524F3E /* Sources */ = {
			isa = PBXSourcesBuildPhase;
			buildActionMask = 2147483647;
			files = (
				21CE25F91CDB284B00524F3E /* DownUITests.swift in Sources */,
			);
			runOnlyForDeploymentPostprocessing = 0;
		};
/* End PBXSourcesBuildPhase section */

/* Begin PBXTargetDependency section */
		21CE25EB1CDB284B00524F3E /* PBXTargetDependency */ = {
			isa = PBXTargetDependency;
			target = 21CE25D41CDB284B00524F3E /* Down */;
			targetProxy = 21CE25EA1CDB284B00524F3E /* PBXContainerItemProxy */;
		};
		21CE25F61CDB284B00524F3E /* PBXTargetDependency */ = {
			isa = PBXTargetDependency;
			target = 21CE25D41CDB284B00524F3E /* Down */;
			targetProxy = 21CE25F51CDB284B00524F3E /* PBXContainerItemProxy */;
		};
/* End PBXTargetDependency section */

/* Begin PBXVariantGroup section */
		21CE25DC1CDB284B00524F3E /* Main.storyboard */ = {
			isa = PBXVariantGroup;
			children = (
				21CE25DD1CDB284B00524F3E /* Base */,
			);
			name = Main.storyboard;
			sourceTree = "<group>";
		};
		21CE25E11CDB284B00524F3E /* LaunchScreen.storyboard */ = {
			isa = PBXVariantGroup;
			children = (
				21CE25E21CDB284B00524F3E /* Base */,
			);
			name = LaunchScreen.storyboard;
			sourceTree = "<group>";
		};
/* End PBXVariantGroup section */

/* Begin XCBuildConfiguration section */
		21CE25FB1CDB284B00524F3E /* Debug */ = {
			isa = XCBuildConfiguration;
			buildSettings = {
				ALWAYS_SEARCH_USER_PATHS = NO;
				CLANG_ANALYZER_NONNULL = YES;
				CLANG_CXX_LANGUAGE_STANDARD = "gnu++0x";
				CLANG_CXX_LIBRARY = "libc++";
				CLANG_ENABLE_MODULES = YES;
				CLANG_ENABLE_OBJC_ARC = YES;
				CLANG_WARN_BOOL_CONVERSION = YES;
				CLANG_WARN_CONSTANT_CONVERSION = YES;
				CLANG_WARN_DIRECT_OBJC_ISA_USAGE = YES_ERROR;
				CLANG_WARN_EMPTY_BODY = YES;
				CLANG_WARN_ENUM_CONVERSION = YES;
				CLANG_WARN_INT_CONVERSION = YES;
				CLANG_WARN_OBJC_ROOT_CLASS = YES_ERROR;
				CLANG_WARN_UNREACHABLE_CODE = YES;
				CLANG_WARN__DUPLICATE_METHOD_MATCH = YES;
				"CODE_SIGN_IDENTITY[sdk=iphoneos*]" = "iPhone Developer";
				COPY_PHASE_STRIP = NO;
				DEBUG_INFORMATION_FORMAT = dwarf;
				ENABLE_STRICT_OBJC_MSGSEND = YES;
				ENABLE_TESTABILITY = YES;
				GCC_C_LANGUAGE_STANDARD = gnu99;
				GCC_DYNAMIC_NO_PIC = NO;
				GCC_NO_COMMON_BLOCKS = YES;
				GCC_OPTIMIZATION_LEVEL = 0;
				GCC_PREPROCESSOR_DEFINITIONS = (
					"DEBUG=1",
					"$(inherited)",
				);
				GCC_WARN_64_TO_32_BIT_CONVERSION = YES;
				GCC_WARN_ABOUT_RETURN_TYPE = YES_ERROR;
				GCC_WARN_UNDECLARED_SELECTOR = YES;
				GCC_WARN_UNINITIALIZED_AUTOS = YES_AGGRESSIVE;
				GCC_WARN_UNUSED_FUNCTION = YES;
				GCC_WARN_UNUSED_VARIABLE = YES;
				IPHONEOS_DEPLOYMENT_TARGET = 9.3;
				MTL_ENABLE_DEBUG_INFO = YES;
				ONLY_ACTIVE_ARCH = YES;
				SDKROOT = iphoneos;
				SWIFT_OPTIMIZATION_LEVEL = "-Onone";
			};
			name = Debug;
		};
		21CE25FC1CDB284B00524F3E /* Release */ = {
			isa = XCBuildConfiguration;
			buildSettings = {
				ALWAYS_SEARCH_USER_PATHS = NO;
				CLANG_ANALYZER_NONNULL = YES;
				CLANG_CXX_LANGUAGE_STANDARD = "gnu++0x";
				CLANG_CXX_LIBRARY = "libc++";
				CLANG_ENABLE_MODULES = YES;
				CLANG_ENABLE_OBJC_ARC = YES;
				CLANG_WARN_BOOL_CONVERSION = YES;
				CLANG_WARN_CONSTANT_CONVERSION = YES;
				CLANG_WARN_DIRECT_OBJC_ISA_USAGE = YES_ERROR;
				CLANG_WARN_EMPTY_BODY = YES;
				CLANG_WARN_ENUM_CONVERSION = YES;
				CLANG_WARN_INT_CONVERSION = YES;
				CLANG_WARN_OBJC_ROOT_CLASS = YES_ERROR;
				CLANG_WARN_UNREACHABLE_CODE = YES;
				CLANG_WARN__DUPLICATE_METHOD_MATCH = YES;
				"CODE_SIGN_IDENTITY[sdk=iphoneos*]" = "iPhone Developer";
				COPY_PHASE_STRIP = NO;
				DEBUG_INFORMATION_FORMAT = "dwarf-with-dsym";
				ENABLE_NS_ASSERTIONS = NO;
				ENABLE_STRICT_OBJC_MSGSEND = YES;
				GCC_C_LANGUAGE_STANDARD = gnu99;
				GCC_NO_COMMON_BLOCKS = YES;
				GCC_WARN_64_TO_32_BIT_CONVERSION = YES;
				GCC_WARN_ABOUT_RETURN_TYPE = YES_ERROR;
				GCC_WARN_UNDECLARED_SELECTOR = YES;
				GCC_WARN_UNINITIALIZED_AUTOS = YES_AGGRESSIVE;
				GCC_WARN_UNUSED_FUNCTION = YES;
				GCC_WARN_UNUSED_VARIABLE = YES;
				IPHONEOS_DEPLOYMENT_TARGET = 9.3;
				MTL_ENABLE_DEBUG_INFO = NO;
				SDKROOT = iphoneos;
				VALIDATE_PRODUCT = YES;
			};
			name = Release;
		};
		21CE25FE1CDB284B00524F3E /* Debug */ = {
			isa = XCBuildConfiguration;
			buildSettings = {
				ASSETCATALOG_COMPILER_APPICON_NAME = AppIcon;
				CLANG_ENABLE_MODULES = YES;
				CODE_SIGN_IDENTITY = "iPhone Developer";
				INFOPLIST_FILE = Down/Info.plist;
				LD_RUNPATH_SEARCH_PATHS = "$(inherited) @executable_path/Frameworks";
				PRODUCT_BUNDLE_IDENTIFIER = com..Down;
				PRODUCT_NAME = "$(TARGET_NAME)";
				SWIFT_OBJC_BRIDGING_HEADER = "Down/Down-Bridging-Header.h";
				SWIFT_OPTIMIZATION_LEVEL = "-Onone";
			};
			name = Debug;
		};
		21CE25FF1CDB284B00524F3E /* Release */ = {
			isa = XCBuildConfiguration;
			buildSettings = {
				ASSETCATALOG_COMPILER_APPICON_NAME = AppIcon;
				CLANG_ENABLE_MODULES = YES;
				CODE_SIGN_IDENTITY = "iPhone Developer";
				INFOPLIST_FILE = Down/Info.plist;
				LD_RUNPATH_SEARCH_PATHS = "$(inherited) @executable_path/Frameworks";
				PRODUCT_BUNDLE_IDENTIFIER = com..Down;
				PRODUCT_NAME = "$(TARGET_NAME)";
				SWIFT_OBJC_BRIDGING_HEADER = "Down/Down-Bridging-Header.h";
			};
			name = Release;
		};
		21CE26011CDB284B00524F3E /* Debug */ = {
			isa = XCBuildConfiguration;
			buildSettings = {
				BUNDLE_LOADER = "$(TEST_HOST)";
				INFOPLIST_FILE = DownTests/Info.plist;
				LD_RUNPATH_SEARCH_PATHS = "$(inherited) @executable_path/Frameworks @loader_path/Frameworks";
				PRODUCT_BUNDLE_IDENTIFIER = com..DownTests;
				PRODUCT_NAME = "$(TARGET_NAME)";
				TEST_HOST = "$(BUILT_PRODUCTS_DIR)/Down.app/Down";
			};
			name = Debug;
		};
		21CE26021CDB284B00524F3E /* Release */ = {
			isa = XCBuildConfiguration;
			buildSettings = {
				BUNDLE_LOADER = "$(TEST_HOST)";
				INFOPLIST_FILE = DownTests/Info.plist;
				LD_RUNPATH_SEARCH_PATHS = "$(inherited) @executable_path/Frameworks @loader_path/Frameworks";
				PRODUCT_BUNDLE_IDENTIFIER = com..DownTests;
				PRODUCT_NAME = "$(TARGET_NAME)";
				TEST_HOST = "$(BUILT_PRODUCTS_DIR)/Down.app/Down";
			};
			name = Release;
		};
		21CE26041CDB284B00524F3E /* Debug */ = {
			isa = XCBuildConfiguration;
			buildSettings = {
				INFOPLIST_FILE = DownUITests/Info.plist;
				LD_RUNPATH_SEARCH_PATHS = "$(inherited) @executable_path/Frameworks @loader_path/Frameworks";
				PRODUCT_BUNDLE_IDENTIFIER = com..DownUITests;
				PRODUCT_NAME = "$(TARGET_NAME)";
				TEST_TARGET_NAME = Down;
			};
			name = Debug;
		};
		21CE26051CDB284B00524F3E /* Release */ = {
			isa = XCBuildConfiguration;
			buildSettings = {
				INFOPLIST_FILE = DownUITests/Info.plist;
				LD_RUNPATH_SEARCH_PATHS = "$(inherited) @executable_path/Frameworks @loader_path/Frameworks";
				PRODUCT_BUNDLE_IDENTIFIER = com..DownUITests;
				PRODUCT_NAME = "$(TARGET_NAME)";
				TEST_TARGET_NAME = Down;
			};
			name = Release;
		};
/* End XCBuildConfiguration section */

/* Begin XCConfigurationList section */
		21CE25D01CDB284B00524F3E /* Build configuration list for PBXProject "Down" */ = {
			isa = XCConfigurationList;
			buildConfigurations = (
				21CE25FB1CDB284B00524F3E /* Debug */,
				21CE25FC1CDB284B00524F3E /* Release */,
			);
			defaultConfigurationIsVisible = 0;
			defaultConfigurationName = Release;
		};
		21CE25FD1CDB284B00524F3E /* Build configuration list for PBXNativeTarget "Down" */ = {
			isa = XCConfigurationList;
			buildConfigurations = (
				21CE25FE1CDB284B00524F3E /* Debug */,
				21CE25FF1CDB284B00524F3E /* Release */,
			);
			defaultConfigurationIsVisible = 0;
		};
		21CE26001CDB284B00524F3E /* Build configuration list for PBXNativeTarget "DownTests" */ = {
			isa = XCConfigurationList;
			buildConfigurations = (
				21CE26011CDB284B00524F3E /* Debug */,
				21CE26021CDB284B00524F3E /* Release */,
			);
			defaultConfigurationIsVisible = 0;
		};
		21CE26031CDB284B00524F3E /* Build configuration list for PBXNativeTarget "DownUITests" */ = {
			isa = XCConfigurationList;
			buildConfigurations = (
				21CE26041CDB284B00524F3E /* Debug */,
				21CE26051CDB284B00524F3E /* Release */,
			);
			defaultConfigurationIsVisible = 0;
		};
/* End XCConfigurationList section */
	};
	rootObject = 21CE25CD1CDB284B00524F3E /* Project object */;
}
