// !$*UTF8*$!
{
	archiveVersion = 1;
	classes = {
	};
	objectVersion = 46;
	objects = {

/* Begin PBXBuildFile section */
		210252FC1D0174F1006DA5D7 /* AppDelegate.swift in Sources */ = {isa = PBXBuildFile; fileRef = 210252FB1D0174F1006DA5D7 /* AppDelegate.swift */; };
		210252FE1D0174F1006DA5D7 /* ViewController.swift in Sources */ = {isa = PBXBuildFile; fileRef = 210252FD1D0174F1006DA5D7 /* ViewController.swift */; };
		210253011D0174F1006DA5D7 /* Main.storyboard in Resources */ = {isa = PBXBuildFile; fileRef = 210252FF1D0174F1006DA5D7 /* Main.storyboard */; };
		210253031D0174F1006DA5D7 /* Assets.xcassets in Resources */ = {isa = PBXBuildFile; fileRef = 210253021D0174F1006DA5D7 /* Assets.xcassets */; };
		210253061D0174F1006DA5D7 /* LaunchScreen.storyboard in Resources */ = {isa = PBXBuildFile; fileRef = 210253041D0174F1006DA5D7 /* LaunchScreen.storyboard */; };
		210253111D0174F1006DA5D7 /* SMS_SwiftTests.swift in Sources */ = {isa = PBXBuildFile; fileRef = 210253101D0174F1006DA5D7 /* SMS_SwiftTests.swift */; };
		2102531C1D0174F1006DA5D7 /* SMS_SwiftUITests.swift in Sources */ = {isa = PBXBuildFile; fileRef = 2102531B1D0174F1006DA5D7 /* SMS_SwiftUITests.swift */; };
		2102532D1D01767F006DA5D7 /* MOBFoundation.framework in Frameworks */ = {isa = PBXBuildFile; fileRef = 2102532B1D01767F006DA5D7 /* MOBFoundation.framework */; };
		2102532E1D01767F006DA5D7 /* SMS_SDK.framework in Frameworks */ = {isa = PBXBuildFile; fileRef = 2102532C1D01767F006DA5D7 /* SMS_SDK.framework */; };
		210253301D017697006DA5D7 /* SMSSDKUI.bundle in Resources */ = {isa = PBXBuildFile; fileRef = 2102532F1D017697006DA5D7 /* SMSSDKUI.bundle */; };
		210253321D0176D6006DA5D7 /* libz.tbd in Frameworks */ = {isa = PBXBuildFile; fileRef = 210253311D0176D6006DA5D7 /* libz.tbd */; };
		210253341D0176E3006DA5D7 /* libicucore.tbd in Frameworks */ = {isa = PBXBuildFile; fileRef = 210253331D0176E3006DA5D7 /* libicucore.tbd */; };
		210253361D0176ED006DA5D7 /* MessageUI.framework in Frameworks */ = {isa = PBXBuildFile; fileRef = 210253351D0176ED006DA5D7 /* MessageUI.framework */; };
		210253381D0176F9006DA5D7 /* JavaScriptCore.framework in Frameworks */ = {isa = PBXBuildFile; fileRef = 210253371D0176F9006DA5D7 /* JavaScriptCore.framework */; };
		2102533A1D017704006DA5D7 /* libstdc++.tbd in Frameworks */ = {isa = PBXBuildFile; fileRef = 210253391D017704006DA5D7 /* libstdc++.tbd */; };
		2102533C1D017712006DA5D7 /* AddressBook.framework in Frameworks */ = {isa = PBXBuildFile; fileRef = 2102533B1D017712006DA5D7 /* AddressBook.framework */; };
		2102533E1D017717006DA5D7 /* AddressBookUI.framework in Frameworks */ = {isa = PBXBuildFile; fileRef = 2102533D1D017717006DA5D7 /* AddressBookUI.framework */; };
/* End PBXBuildFile section */

/* Begin PBXContainerItemProxy section */
		2102530D1D0174F1006DA5D7 /* PBXContainerItemProxy */ = {
			isa = PBXContainerItemProxy;
			containerPortal = 210252F01D0174F1006DA5D7 /* Project object */;
			proxyType = 1;
			remoteGlobalIDString = 210252F71D0174F1006DA5D7;
			remoteInfo = SMS_Swift;
		};
		210253181D0174F1006DA5D7 /* PBXContainerItemProxy */ = {
			isa = PBXContainerItemProxy;
			containerPortal = 210252F01D0174F1006DA5D7 /* Project object */;
			proxyType = 1;
			remoteGlobalIDString = 210252F71D0174F1006DA5D7;
			remoteInfo = SMS_Swift;
		};
/* End PBXContainerItemProxy section */

/* Begin PBXFileReference section */
		210252F81D0174F1006DA5D7 /* SMS_Swift.app */ = {isa = PBXFileReference; explicitFileType = wrapper.application; includeInIndex = 0; path = SMS_Swift.app; sourceTree = BUILT_PRODUCTS_DIR; };
		210252FB1D0174F1006DA5D7 /* AppDelegate.swift */ = {isa = PBXFileReference; lastKnownFileType = sourcecode.swift; path = AppDelegate.swift; sourceTree = "<group>"; };
		210252FD1D0174F1006DA5D7 /* ViewController.swift */ = {isa = PBXFileReference; lastKnownFileType = sourcecode.swift; path = ViewController.swift; sourceTree = "<group>"; };
		210253001D0174F1006DA5D7 /* Base */ = {isa = PBXFileReference; lastKnownFileType = file.storyboard; name = Base; path = Base.lproj/Main.storyboard; sourceTree = "<group>"; };
		210253021D0174F1006DA5D7 /* Assets.xcassets */ = {isa = PBXFileReference; lastKnownFileType = folder.assetcatalog; path = Assets.xcassets; sourceTree = "<group>"; };
		210253051D0174F1006DA5D7 /* Base */ = {isa = PBXFileReference; lastKnownFileType = file.storyboard; name = Base; path = Base.lproj/LaunchScreen.storyboard; sourceTree = "<group>"; };
		210253071D0174F1006DA5D7 /* Info.plist */ = {isa = PBXFileReference; lastKnownFileType = text.plist.xml; path = Info.plist; sourceTree = "<group>"; };
		2102530C1D0174F1006DA5D7 /* SMS_SwiftTests.xctest */ = {isa = PBXFileReference; explicitFileType = wrapper.cfbundle; includeInIndex = 0; path = SMS_SwiftTests.xctest; sourceTree = BUILT_PRODUCTS_DIR; };
		210253101D0174F1006DA5D7 /* SMS_SwiftTests.swift */ = {isa = PBXFileReference; lastKnownFileType = sourcecode.swift; path = SMS_SwiftTests.swift; sourceTree = "<group>"; };
		210253121D0174F1006DA5D7 /* Info.plist */ = {isa = PBXFileReference; lastKnownFileType = text.plist.xml; path = Info.plist; sourceTree = "<group>"; };
		210253171D0174F1006DA5D7 /* SMS_SwiftUITests.xctest */ = {isa = PBXFileReference; explicitFileType = wrapper.cfbundle; includeInIndex = 0; path = SMS_SwiftUITests.xctest; sourceTree = BUILT_PRODUCTS_DIR; };
		2102531B1D0174F1006DA5D7 /* SMS_SwiftUITests.swift */ = {isa = PBXFileReference; lastKnownFileType = sourcecode.swift; path = SMS_SwiftUITests.swift; sourceTree = "<group>"; };
		2102531D1D0174F1006DA5D7 /* Info.plist */ = {isa = PBXFileReference; lastKnownFileType = text.plist.xml; path = Info.plist; sourceTree = "<group>"; };
		2102532B1D01767F006DA5D7 /* MOBFoundation.framework */ = {isa = PBXFileReference; lastKnownFileType = wrapper.framework; path = MOBFoundation.framework; sourceTree = "<group>"; };
		2102532C1D01767F006DA5D7 /* SMS_SDK.framework */ = {isa = PBXFileReference; lastKnownFileType = wrapper.framework; path = SMS_SDK.framework; sourceTree = "<group>"; };
		2102532F1D017697006DA5D7 /* SMSSDKUI.bundle */ = {isa = PBXFileReference; lastKnownFileType = "wrapper.plug-in"; path = SMSSDKUI.bundle; sourceTree = "<group>"; };
		210253311D0176D6006DA5D7 /* libz.tbd */ = {isa = PBXFileReference; lastKnownFileType = "sourcecode.text-based-dylib-definition"; name = libz.tbd; path = usr/lib/libz.tbd; sourceTree = SDKROOT; };
		210253331D0176E3006DA5D7 /* libicucore.tbd */ = {isa = PBXFileReference; lastKnownFileType = "sourcecode.text-based-dylib-definition"; name = libicucore.tbd; path = usr/lib/libicucore.tbd; sourceTree = SDKROOT; };
		210253351D0176ED006DA5D7 /* MessageUI.framework */ = {isa = PBXFileReference; lastKnownFileType = wrapper.framework; name = MessageUI.framework; path = System/Library/Frameworks/MessageUI.framework; sourceTree = SDKROOT; };
		210253371D0176F9006DA5D7 /* JavaScriptCore.framework */ = {isa = PBXFileReference; lastKnownFileType = wrapper.framework; name = JavaScriptCore.framework; path = System/Library/Frameworks/JavaScriptCore.framework; sourceTree = SDKROOT; };
		210253391D017704006DA5D7 /* libstdc++.tbd */ = {isa = PBXFileReference; lastKnownFileType = "sourcecode.text-based-dylib-definition"; name = "libstdc++.tbd"; path = "usr/lib/libstdc++.tbd"; sourceTree = SDKROOT; };
		2102533B1D017712006DA5D7 /* AddressBook.framework */ = {isa = PBXFileReference; lastKnownFileType = wrapper.framework; name = AddressBook.framework; path = System/Library/Frameworks/AddressBook.framework; sourceTree = SDKROOT; };
		2102533D1D017717006DA5D7 /* AddressBookUI.framework */ = {isa = PBXFileReference; lastKnownFileType = wrapper.framework; name = AddressBookUI.framework; path = System/Library/Frameworks/AddressBookUI.framework; sourceTree = SDKROOT; };
		2102533F1D01772D006DA5D7 /* SMS_Swift-Bridging-Header.h */ = {isa = PBXFileReference; lastKnownFileType = sourcecode.c.h; path = "SMS_Swift-Bridging-Header.h"; sourceTree = "<group>"; };
/* End PBXFileReference section */

/* Begin PBXFrameworksBuildPhase section */
		210252F51D0174F1006DA5D7 /* Frameworks */ = {
			isa = PBXFrameworksBuildPhase;
			buildActionMask = 2147483647;
			files = (
				2102533E1D017717006DA5D7 /* AddressBookUI.framework in Frameworks */,
				2102533C1D017712006DA5D7 /* AddressBook.framework in Frameworks */,
				2102533A1D017704006DA5D7 /* libstdc++.tbd in Frameworks */,
				210253381D0176F9006DA5D7 /* JavaScriptCore.framework in Frameworks */,
				210253361D0176ED006DA5D7 /* MessageUI.framework in Frameworks */,
				210253341D0176E3006DA5D7 /* libicucore.tbd in Frameworks */,
				210253321D0176D6006DA5D7 /* libz.tbd in Frameworks */,
				2102532D1D01767F006DA5D7 /* MOBFoundation.framework in Frameworks */,
				2102532E1D01767F006DA5D7 /* SMS_SDK.framework in Frameworks */,
			);
			runOnlyForDeploymentPostprocessing = 0;
		};
		210253091D0174F1006DA5D7 /* Frameworks */ = {
			isa = PBXFrameworksBuildPhase;
			buildActionMask = 2147483647;
			files = (
			);
			runOnlyForDeploymentPostprocessing = 0;
		};
		210253141D0174F1006DA5D7 /* Frameworks */ = {
			isa = PBXFrameworksBuildPhase;
			buildActionMask = 2147483647;
			files = (
			);
			runOnlyForDeploymentPostprocessing = 0;
		};
/* End PBXFrameworksBuildPhase section */

/* Begin PBXGroup section */
		210252EF1D0174F1006DA5D7 = {
			isa = PBXGroup;
			children = (
				2102533D1D017717006DA5D7 /* AddressBookUI.framework */,
				2102533B1D017712006DA5D7 /* AddressBook.framework */,
				210253391D017704006DA5D7 /* libstdc++.tbd */,
				210253371D0176F9006DA5D7 /* JavaScriptCore.framework */,
				210253351D0176ED006DA5D7 /* MessageUI.framework */,
				210253331D0176E3006DA5D7 /* libicucore.tbd */,
				210253311D0176D6006DA5D7 /* libz.tbd */,
				210252FA1D0174F1006DA5D7 /* SMS_Swift */,
				2102530F1D0174F1006DA5D7 /* SMS_SwiftTests */,
				2102531A1D0174F1006DA5D7 /* SMS_SwiftUITests */,
				210252F91D0174F1006DA5D7 /* Products */,
			);
			sourceTree = "<group>";
		};
		210252F91D0174F1006DA5D7 /* Products */ = {
			isa = PBXGroup;
			children = (
				210252F81D0174F1006DA5D7 /* SMS_Swift.app */,
				2102530C1D0174F1006DA5D7 /* SMS_SwiftTests.xctest */,
				210253171D0174F1006DA5D7 /* SMS_SwiftUITests.xctest */,
			);
			name = Products;
			sourceTree = "<group>";
		};
		210252FA1D0174F1006DA5D7 /* SMS_Swift */ = {
			isa = PBXGroup;
			children = (
				210252FB1D0174F1006DA5D7 /* AppDelegate.swift */,
				210252FD1D0174F1006DA5D7 /* ViewController.swift */,
				2102532A1D01767F006DA5D7 /* SMS_SDK */,
				210252FF1D0174F1006DA5D7 /* Main.storyboard */,
				210253021D0174F1006DA5D7 /* Assets.xcassets */,
				210253041D0174F1006DA5D7 /* LaunchScreen.storyboard */,
				210253071D0174F1006DA5D7 /* Info.plist */,
				2102533F1D01772D006DA5D7 /* SMS_Swift-Bridging-Header.h */,
			);
			path = SMS_Swift;
			sourceTree = "<group>";
		};
		2102530F1D0174F1006DA5D7 /* SMS_SwiftTests */ = {
			isa = PBXGroup;
			children = (
				210253101D0174F1006DA5D7 /* SMS_SwiftTests.swift */,
				210253121D0174F1006DA5D7 /* Info.plist */,
			);
			path = SMS_SwiftTests;
			sourceTree = "<group>";
		};
		2102531A1D0174F1006DA5D7 /* SMS_SwiftUITests */ = {
			isa = PBXGroup;
			children = (
				2102531B1D0174F1006DA5D7 /* SMS_SwiftUITests.swift */,
				2102531D1D0174F1006DA5D7 /* Info.plist */,
			);
			path = SMS_SwiftUITests;
			sourceTree = "<group>";
		};
		2102532A1D01767F006DA5D7 /* SMS_SDK */ = {
			isa = PBXGroup;
			children = (
				2102532F1D017697006DA5D7 /* SMSSDKUI.bundle */,
				2102532B1D01767F006DA5D7 /* MOBFoundation.framework */,
				2102532C1D01767F006DA5D7 /* SMS_SDK.framework */,
			);
			path = SMS_SDK;
			sourceTree = "<group>";
		};
/* End PBXGroup section */

/* Begin PBXNativeTarget section */
		210252F71D0174F1006DA5D7 /* SMS_Swift */ = {
			isa = PBXNativeTarget;
			buildConfigurationList = 210253201D0174F1006DA5D7 /* Build configuration list for PBXNativeTarget "SMS_Swift" */;
			buildPhases = (
				210252F41D0174F1006DA5D7 /* Sources */,
				210252F51D0174F1006DA5D7 /* Frameworks */,
				210252F61D0174F1006DA5D7 /* Resources */,
			);
			buildRules = (
			);
			dependencies = (
			);
			name = SMS_Swift;
			productName = SMS_Swift;
			productReference = 210252F81D0174F1006DA5D7 /* SMS_Swift.app */;
			productType = "com.apple.product-type.application";
		};
		2102530B1D0174F1006DA5D7 /* SMS_SwiftTests */ = {
			isa = PBXNativeTarget;
			buildConfigurationList = 210253231D0174F1006DA5D7 /* Build configuration list for PBXNativeTarget "SMS_SwiftTests" */;
			buildPhases = (
				210253081D0174F1006DA5D7 /* Sources */,
				210253091D0174F1006DA5D7 /* Frameworks */,
				2102530A1D0174F1006DA5D7 /* Resources */,
			);
			buildRules = (
			);
			dependencies = (
				2102530E1D0174F1006DA5D7 /* PBXTargetDependency */,
			);
			name = SMS_SwiftTests;
			productName = SMS_SwiftTests;
			productReference = 2102530C1D0174F1006DA5D7 /* SMS_SwiftTests.xctest */;
			productType = "com.apple.product-type.bundle.unit-test";
		};
		210253161D0174F1006DA5D7 /* SMS_SwiftUITests */ = {
			isa = PBXNativeTarget;
			buildConfigurationList = 210253261D0174F1006DA5D7 /* Build configuration list for PBXNativeTarget "SMS_SwiftUITests" */;
			buildPhases = (
				210253131D0174F1006DA5D7 /* Sources */,
				210253141D0174F1006DA5D7 /* Frameworks */,
				210253151D0174F1006DA5D7 /* Resources */,
			);
			buildRules = (
			);
			dependencies = (
				210253191D0174F1006DA5D7 /* PBXTargetDependency */,
			);
			name = SMS_SwiftUITests;
			productName = SMS_SwiftUITests;
			productReference = 210253171D0174F1006DA5D7 /* SMS_SwiftUITests.xctest */;
			productType = "com.apple.product-type.bundle.ui-testing";
		};
/* End PBXNativeTarget section */

/* Begin PBXProject section */
		210252F01D0174F1006DA5D7 /* Project object */ = {
			isa = PBXProject;
			attributes = {
				LastSwiftUpdateCheck = 0730;
				LastUpgradeCheck = 0730;
				ORGANIZATIONNAME = Feng;
				TargetAttributes = {
					210252F71D0174F1006DA5D7 = {
						CreatedOnToolsVersion = 7.3;
						DevelopmentTeam = 978KGC2P9J;
					};
					2102530B1D0174F1006DA5D7 = {
						CreatedOnToolsVersion = 7.3;
						DevelopmentTeam = 978KGC2P9J;
						TestTargetID = 210252F71D0174F1006DA5D7;
					};
					210253161D0174F1006DA5D7 = {
						CreatedOnToolsVersion = 7.3;
						DevelopmentTeam = 978KGC2P9J;
						TestTargetID = 210252F71D0174F1006DA5D7;
					};
				};
			};
			buildConfigurationList = 210252F31D0174F1006DA5D7 /* Build configuration list for PBXProject "SMS_Swift" */;
			compatibilityVersion = "Xcode 3.2";
			developmentRegion = English;
			hasScannedForEncodings = 0;
			knownRegions = (
				en,
				Base,
			);
			mainGroup = 210252EF1D0174F1006DA5D7;
			productRefGroup = 210252F91D0174F1006DA5D7 /* Products */;
			projectDirPath = "";
			projectRoot = "";
			targets = (
				210252F71D0174F1006DA5D7 /* SMS_Swift */,
				2102530B1D0174F1006DA5D7 /* SMS_SwiftTests */,
				210253161D0174F1006DA5D7 /* SMS_SwiftUITests */,
			);
		};
/* End PBXProject section */

/* Begin PBXResourcesBuildPhase section */
		210252F61D0174F1006DA5D7 /* Resources */ = {
			isa = PBXResourcesBuildPhase;
			buildActionMask = 2147483647;
			files = (
				210253061D0174F1006DA5D7 /* LaunchScreen.storyboard in Resources */,
				210253031D0174F1006DA5D7 /* Assets.xcassets in Resources */,
				210253301D017697006DA5D7 /* SMSSDKUI.bundle in Resources */,
				210253011D0174F1006DA5D7 /* Main.storyboard in Resources */,
			);
			runOnlyForDeploymentPostprocessing = 0;
		};
		2102530A1D0174F1006DA5D7 /* Resources */ = {
			isa = PBXResourcesBuildPhase;
			buildActionMask = 2147483647;
			files = (
			);
			runOnlyForDeploymentPostprocessing = 0;
		};
		210253151D0174F1006DA5D7 /* Resources */ = {
			isa = PBXResourcesBuildPhase;
			buildActionMask = 2147483647;
			files = (
			);
			runOnlyForDeploymentPostprocessing = 0;
		};
/* End PBXResourcesBuildPhase section */

/* Begin PBXSourcesBuildPhase section */
		210252F41D0174F1006DA5D7 /* Sources */ = {
			isa = PBXSourcesBuildPhase;
			buildActionMask = 2147483647;
			files = (
				210252FE1D0174F1006DA5D7 /* ViewController.swift in Sources */,
				210252FC1D0174F1006DA5D7 /* AppDelegate.swift in Sources */,
			);
			runOnlyForDeploymentPostprocessing = 0;
		};
		210253081D0174F1006DA5D7 /* Sources */ = {
			isa = PBXSourcesBuildPhase;
			buildActionMask = 2147483647;
			files = (
				210253111D0174F1006DA5D7 /* SMS_SwiftTests.swift in Sources */,
			);
			runOnlyForDeploymentPostprocessing = 0;
		};
		210253131D0174F1006DA5D7 /* Sources */ = {
			isa = PBXSourcesBuildPhase;
			buildActionMask = 2147483647;
			files = (
				2102531C1D0174F1006DA5D7 /* SMS_SwiftUITests.swift in Sources */,
			);
			runOnlyForDeploymentPostprocessing = 0;
		};
/* End PBXSourcesBuildPhase section */

/* Begin PBXTargetDependency section */
		2102530E1D0174F1006DA5D7 /* PBXTargetDependency */ = {
			isa = PBXTargetDependency;
			target = 210252F71D0174F1006DA5D7 /* SMS_Swift */;
			targetProxy = 2102530D1D0174F1006DA5D7 /* PBXContainerItemProxy */;
		};
		210253191D0174F1006DA5D7 /* PBXTargetDependency */ = {
			isa = PBXTargetDependency;
			target = 210252F71D0174F1006DA5D7 /* SMS_Swift */;
			targetProxy = 210253181D0174F1006DA5D7 /* PBXContainerItemProxy */;
		};
/* End PBXTargetDependency section */

/* Begin PBXVariantGroup section */
		210252FF1D0174F1006DA5D7 /* Main.storyboard */ = {
			isa = PBXVariantGroup;
			children = (
				210253001D0174F1006DA5D7 /* Base */,
			);
			name = Main.storyboard;
			sourceTree = "<group>";
		};
		210253041D0174F1006DA5D7 /* LaunchScreen.storyboard */ = {
			isa = PBXVariantGroup;
			children = (
				210253051D0174F1006DA5D7 /* Base */,
			);
			name = LaunchScreen.storyboard;
			sourceTree = "<group>";
		};
/* End PBXVariantGroup section */

/* Begin XCBuildConfiguration section */
		2102531E1D0174F1006DA5D7 /* Debug */ = {
			isa = XCBuildConfiguration;
			buildSettings = {
				ALWAYS_SEARCH_USER_PATHS = NO;
				CLANG_ANALYZER_NONNULL = YES;
				CLANG_CXX_LANGUAGE_STANDARD = "gnu++0x";
				CLANG_CXX_LIBRARY = "libc++";
				CLANG_ENABLE_MODULES = YES;
				CLANG_ENABLE_OBJC_ARC = YES;
				CLANG_WARN_BOOL_CONVERSION = YES;
				CLANG_WARN_CONSTANT_CONVERSION = YES;
				CLANG_WARN_DIRECT_OBJC_ISA_USAGE = YES_ERROR;
				CLANG_WARN_EMPTY_BODY = YES;
				CLANG_WARN_ENUM_CONVERSION = YES;
				CLANG_WARN_INT_CONVERSION = YES;
				CLANG_WARN_OBJC_ROOT_CLASS = YES_ERROR;
				CLANG_WARN_UNREACHABLE_CODE = YES;
				CLANG_WARN__DUPLICATE_METHOD_MATCH = YES;
				"CODE_SIGN_IDENTITY[sdk=iphoneos*]" = "iPhone Developer";
				COPY_PHASE_STRIP = NO;
				DEBUG_INFORMATION_FORMAT = dwarf;
				ENABLE_STRICT_OBJC_MSGSEND = YES;
				ENABLE_TESTABILITY = YES;
				GCC_C_LANGUAGE_STANDARD = gnu99;
				GCC_DYNAMIC_NO_PIC = NO;
				GCC_NO_COMMON_BLOCKS = YES;
				GCC_OPTIMIZATION_LEVEL = 0;
				GCC_PREPROCESSOR_DEFINITIONS = (
					"DEBUG=1",
					"$(inherited)",
				);
				GCC_WARN_64_TO_32_BIT_CONVERSION = YES;
				GCC_WARN_ABOUT_RETURN_TYPE = YES_ERROR;
				GCC_WARN_UNDECLARED_SELECTOR = YES;
				GCC_WARN_UNINITIALIZED_AUTOS = YES_AGGRESSIVE;
				GCC_WARN_UNUSED_FUNCTION = YES;
				GCC_WARN_UNUSED_VARIABLE = YES;
				IPHONEOS_DEPLOYMENT_TARGET = 9.3;
				MTL_ENABLE_DEBUG_INFO = YES;
				ONLY_ACTIVE_ARCH = YES;
				SDKROOT = iphoneos;
				SWIFT_OPTIMIZATION_LEVEL = "-Onone";
			};
			name = Debug;
		};
		2102531F1D0174F1006DA5D7 /* Release */ = {
			isa = XCBuildConfiguration;
			buildSettings = {
				ALWAYS_SEARCH_USER_PATHS = NO;
				CLANG_ANALYZER_NONNULL = YES;
				CLANG_CXX_LANGUAGE_STANDARD = "gnu++0x";
				CLANG_CXX_LIBRARY = "libc++";
				CLANG_ENABLE_MODULES = YES;
				CLANG_ENABLE_OBJC_ARC = YES;
				CLANG_WARN_BOOL_CONVERSION = YES;
				CLANG_WARN_CONSTANT_CONVERSION = YES;
				CLANG_WARN_DIRECT_OBJC_ISA_USAGE = YES_ERROR;
				CLANG_WARN_EMPTY_BODY = YES;
				CLANG_WARN_ENUM_CONVERSION = YES;
				CLANG_WARN_INT_CONVERSION = YES;
				CLANG_WARN_OBJC_ROOT_CLASS = YES_ERROR;
				CLANG_WARN_UNREACHABLE_CODE = YES;
				CLANG_WARN__DUPLICATE_METHOD_MATCH = YES;
				"CODE_SIGN_IDENTITY[sdk=iphoneos*]" = "iPhone Developer";
				COPY_PHASE_STRIP = NO;
				DEBUG_INFORMATION_FORMAT = "dwarf-with-dsym";
				ENABLE_NS_ASSERTIONS = NO;
				ENABLE_STRICT_OBJC_MSGSEND = YES;
				GCC_C_LANGUAGE_STANDARD = gnu99;
				GCC_NO_COMMON_BLOCKS = YES;
				GCC_WARN_64_TO_32_BIT_CONVERSION = YES;
				GCC_WARN_ABOUT_RETURN_TYPE = YES_ERROR;
				GCC_WARN_UNDECLARED_SELECTOR = YES;
				GCC_WARN_UNINITIALIZED_AUTOS = YES_AGGRESSIVE;
				GCC_WARN_UNUSED_FUNCTION = YES;
				GCC_WARN_UNUSED_VARIABLE = YES;
				IPHONEOS_DEPLOYMENT_TARGET = 9.3;
				MTL_ENABLE_DEBUG_INFO = NO;
				SDKROOT = iphoneos;
				VALIDATE_PRODUCT = YES;
			};
			name = Release;
		};
		210253211D0174F1006DA5D7 /* Debug */ = {
			isa = XCBuildConfiguration;
			buildSettings = {
				ASSETCATALOG_COMPILER_APPICON_NAME = AppIcon;
				CLANG_ENABLE_MODULES = YES;
				FRAMEWORK_SEARCH_PATHS = (
					"$(inherited)",
					"$(PROJECT_DIR)/SMS_Swift/SMS_SDK",
				);
				INFOPLIST_FILE = SMS_Swift/Info.plist;
				LD_RUNPATH_SEARCH_PATHS = "$(inherited) @executable_path/Frameworks";
				PRODUCT_BUNDLE_IDENTIFIER = "com.SMS-Swift";
				PRODUCT_NAME = "$(TARGET_NAME)";
				SWIFT_OBJC_BRIDGING_HEADER = "SMS_Swift/SMS_Swift-Bridging-Header.h";
				SWIFT_OPTIMIZATION_LEVEL = "-Onone";
			};
			name = Debug;
		};
		210253221D0174F1006DA5D7 /* Release */ = {
			isa = XCBuildConfiguration;
			buildSettings = {
				ASSETCATALOG_COMPILER_APPICON_NAME = AppIcon;
				CLANG_ENABLE_MODULES = YES;
				FRAMEWORK_SEARCH_PATHS = (
					"$(inherited)",
					"$(PROJECT_DIR)/SMS_Swift/SMS_SDK",
				);
				INFOPLIST_FILE = SMS_Swift/Info.plist;
				LD_RUNPATH_SEARCH_PATHS = "$(inherited) @executable_path/Frameworks";
				PRODUCT_BUNDLE_IDENTIFIER = "com.SMS-Swift";
				PRODUCT_NAME = "$(TARGET_NAME)";
				SWIFT_OBJC_BRIDGING_HEADER = "SMS_Swift/SMS_Swift-Bridging-Header.h";
			};
			name = Release;
		};
		210253241D0174F1006DA5D7 /* Debug */ = {
			isa = XCBuildConfiguration;
			buildSettings = {
				BUNDLE_LOADER = "$(TEST_HOST)";
				INFOPLIST_FILE = SMS_SwiftTests/Info.plist;
				LD_RUNPATH_SEARCH_PATHS = "$(inherited) @executable_path/Frameworks @loader_path/Frameworks";
				PRODUCT_BUNDLE_IDENTIFIER = "com..SMS-SwiftTests";
				PRODUCT_NAME = "$(TARGET_NAME)";
				TEST_HOST = "$(BUILT_PRODUCTS_DIR)/SMS_Swift.app/SMS_Swift";
			};
			name = Debug;
		};
		210253251D0174F1006DA5D7 /* Release */ = {
			isa = XCBuildConfiguration;
			buildSettings = {
				BUNDLE_LOADER = "$(TEST_HOST)";
				INFOPLIST_FILE = SMS_SwiftTests/Info.plist;
				LD_RUNPATH_SEARCH_PATHS = "$(inherited) @executable_path/Frameworks @loader_path/Frameworks";
				PRODUCT_BUNDLE_IDENTIFIER = "com..SMS-SwiftTests";
				PRODUCT_NAME = "$(TARGET_NAME)";
				TEST_HOST = "$(BUILT_PRODUCTS_DIR)/SMS_Swift.app/SMS_Swift";
			};
			name = Release;
		};
		210253271D0174F1006DA5D7 /* Debug */ = {
			isa = XCBuildConfiguration;
			buildSettings = {
				INFOPLIST_FILE = SMS_SwiftUITests/Info.plist;
				LD_RUNPATH_SEARCH_PATHS = "$(inherited) @executable_path/Frameworks @loader_path/Frameworks";
				PRODUCT_BUNDLE_IDENTIFIER = "com..SMS-SwiftUITests";
				PRODUCT_NAME = "$(TARGET_NAME)";
				TEST_TARGET_NAME = SMS_Swift;
			};
			name = Debug;
		};
		210253281D0174F1006DA5D7 /* Release */ = {
			isa = XCBuildConfiguration;
			buildSettings = {
				INFOPLIST_FILE = SMS_SwiftUITests/Info.plist;
				LD_RUNPATH_SEARCH_PATHS = "$(inherited) @executable_path/Frameworks @loader_path/Frameworks";
				PRODUCT_BUNDLE_IDENTIFIER = "com..SMS-SwiftUITests";
				PRODUCT_NAME = "$(TARGET_NAME)";
				TEST_TARGET_NAME = SMS_Swift;
			};
			name = Release;
		};
/* End XCBuildConfiguration section */

/* Begin XCConfigurationList section */
		210252F31D0174F1006DA5D7 /* Build configuration list for PBXProject "SMS_Swift" */ = {
			isa = XCConfigurationList;
			buildConfigurations = (
				2102531E1D0174F1006DA5D7 /* Debug */,
				2102531F1D0174F1006DA5D7 /* Release */,
			);
			defaultConfigurationIsVisible = 0;
			defaultConfigurationName = Release;
		};
		210253201D0174F1006DA5D7 /* Build configuration list for PBXNativeTarget "SMS_Swift" */ = {
			isa = XCConfigurationList;
			buildConfigurations = (
				210253211D0174F1006DA5D7 /* Debug */,
				210253221D0174F1006DA5D7 /* Release */,
			);
			defaultConfigurationIsVisible = 0;
		};
		210253231D0174F1006DA5D7 /* Build configuration list for PBXNativeTarget "SMS_SwiftTests" */ = {
			isa = XCConfigurationList;
			buildConfigurations = (
				210253241D0174F1006DA5D7 /* Debug */,
				210253251D0174F1006DA5D7 /* Release */,
			);
			defaultConfigurationIsVisible = 0;
		};
		210253261D0174F1006DA5D7 /* Build configuration list for PBXNativeTarget "SMS_SwiftUITests" */ = {
			isa = XCConfigurationList;
			buildConfigurations = (
				210253271D0174F1006DA5D7 /* Debug */,
				210253281D0174F1006DA5D7 /* Release */,
			);
			defaultConfigurationIsVisible = 0;
		};
/* End XCConfigurationList section */
	};
	rootObject = 210252F01D0174F1006DA5D7 /* Project object */;
}
